
Microsoft Visual Studio Solution File, Format Version 12.00
# Visual Studio Version 16
VisualStudioVersion = 16.0.31112.23
MinimumVisualStudioVersion = 10.0.40219.1
Project("{FAE04EC0-301F-11D3-BF4B-00C04F79EFBC}") = "Homework", "Homework.csproj", "{35071750-DECC-429A-86E0-57FF57C16E8B}"
EndProject
Global
	GlobalSection(SolutionConfigurationPlatforms) = preSolution
		Debug|Any CPU = Debug|Any CPU
		Release|Any CPU = Release|Any CPU
	EndGlobalSection
	GlobalSection(ProjectConfigurationPlatforms) = postSolution
		{35071750-DECC-429A-86E0-57FF57C16E8B}.Debug|Any CPU.ActiveCfg = Debug|Any CPU
		{35071750-DECC-429A-86E0-57FF57C16E8B}.Debug|Any CPU.Build.0 = Debug|Any CPU
		{35071750-DECC-429A-86E0-57FF57C16E8B}.Release|Any CPU.ActiveCfg = Release|Any CPU
		{35071750-DECC-429A-86E0-57FF57C16E8B}.Release|Any CPU.Build.0 = Release|Any CPU
	EndGlobalSection
	GlobalSection(SolutionProperties) = preSolution
		HideSolutionNode = FALSE
	EndGlobalSection
	GlobalSection(ExtensibilityGlobals) = postSolution
		SolutionGuid = {2490CAB2-3EF1-49F6-8C45-A88FDECA505B}
	EndGlobalSection
EndGlobal
