
Microsoft Visual Studio Solution File, Format Version 12.00
# Visual Studio Version 16
VisualStudioVersion = 16.0.31515.178
MinimumVisualStudioVersion = 10.0.40219.1
Project("{FAE04EC0-301F-11D3-BF4B-00C04F79EFBC}") = "WorkShop02", "WorkShop02.csproj", "{A3570233-49A3-49D2-98C2-E4F3E7AF888E}"
EndProject
Global
	GlobalSection(SolutionConfigurationPlatforms) = preSolution
		Debug|Any CPU = Debug|Any CPU
		Release|Any CPU = Release|Any CPU
	EndGlobalSection
	GlobalSection(ProjectConfigurationPlatforms) = postSolution
		{A3570233-49A3-49D2-98C2-E4F3E7AF888E}.Debug|Any CPU.ActiveCfg = Debug|Any CPU
		{A3570233-49A3-49D2-98C2-E4F3E7AF888E}.Debug|Any CPU.Build.0 = Debug|Any CPU
		{A3570233-49A3-49D2-98C2-E4F3E7AF888E}.Release|Any CPU.ActiveCfg = Release|Any CPU
		{A3570233-49A3-49D2-98C2-E4F3E7AF888E}.Release|Any CPU.Build.0 = Release|Any CPU
	EndGlobalSection
	GlobalSection(SolutionProperties) = preSolution
		HideSolutionNode = FALSE
	EndGlobalSection
	GlobalSection(ExtensibilityGlobals) = postSolution
		SolutionGuid = {1E39C843-74E3-4098-A1C4-24CD9E81D219}
	EndGlobalSection
EndGlobal
